
Microsoft Visual Studio Solution File, Format Version 12.00
# Visual Studio Version 17
VisualStudioVersion = 17.5.002.0
MinimumVisualStudioVersion = 10.0.40219.1
Project("{2150E333-8FDC-42A3-9474-1A3956D46DE8}") = "2023", "2023", "{8ACDF072-5407-49F1-A26B-F5E73AE16148}"
EndProject
Project("{9A19103F-16F7-4668-BE54-9A1E7A4F7556}") = "Puzzle_01", "2023\Puzzle_01\Puzzle_01.csproj", "{BB747541-510A-49F2-8566-3D7C941D8144}"
EndProject
Project("{FAE04EC0-301F-11D3-BF4B-00C04F79EFBC}") = "Puzzle_02", "2023\Puzzle_02\Puzzle_02.csproj", "{58A1F15A-5A43-4A30-950B-631E502D554C}"
EndProject
Project("{FAE04EC0-301F-11D3-BF4B-00C04F79EFBC}") = "Puzzle_03", "2023\Puzzle_03\Puzzle_03.csproj", "{3A5A97A2-8FCC-4316-9507-758B1859B734}"
EndProject
Project("{FAE04EC0-301F-11D3-BF4B-00C04F79EFBC}") = "Puzzle_04", "2023\Puzzle_04\Puzzle_04.csproj", "{8738ACF4-8CA0-4279-AEAE-FBF696CF98AB}"
EndProject
Project("{FAE04EC0-301F-11D3-BF4B-00C04F79EFBC}") = "Puzzle_05", "2023\Puzzle_05\Puzzle_05.csproj", "{3603D4B3-021E-4557-813D-A8BDFF0BE51B}"
EndProject
Project("{2150E333-8FDC-42A3-9474-1A3956D46DE8}") = "2024", "2024", "{067C5A95-8C8F-4BE0-B032-A308FED6ED90}"
EndProject
Project("{FAE04EC0-301F-11D3-BF4B-00C04F79EFBC}") = "Puzzle_01", "2024\Puzzle_01\Puzzle_01.csproj", "{A27CC930-759B-47CA-A465-738D23AF69F1}"
EndProject
Project("{FAE04EC0-301F-11D3-BF4B-00C04F79EFBC}") = "Puzzle_02", "2024\Puzzle_02\Puzzle_02.csproj", "{F0A0AD29-CFCE-436A-9D26-0CB451660EE2}"
EndProject
Project("{FAE04EC0-301F-11D3-BF4B-00C04F79EFBC}") = "Puzzle_03", "2024\Puzzle_03\Puzzle_03.csproj", "{DD10ADA5-5E6C-484F-BAC5-5B48D20CDA7A}"
EndProject
Project("{FAE04EC0-301F-11D3-BF4B-00C04F79EFBC}") = "Puzzle_04", "2024\Puzzle_04\Puzzle_04.csproj", "{BD2EC468-FCAC-4C35-8805-76A5DD18FCB0}"
EndProject
Project("{2150E333-8FDC-42A3-9474-1A3956D46DE8}") = "src", "src", "{68D63FA7-CE40-4481-A283-FB098FE8E9BF}"
EndProject
Project("{FAE04EC0-301F-11D3-BF4B-00C04F79EFBC}") = "AdventOfCode", "AdventOfCode\AdventOfCode.csproj", "{B2B0C05D-7886-42E6-BA07-B5DA6F28E74C}"
EndProject
Project("{FAE04EC0-301F-11D3-BF4B-00C04F79EFBC}") = "Puzzle_05", "2024\Puzzle_05\Puzzle_05.csproj", "{A460F92C-FBC3-46F1-B039-6B535A21C029}"
EndProject
Project("{FAE04EC0-301F-11D3-BF4B-00C04F79EFBC}") = "Puzzle_06", "2024\Puzzle_06\Puzzle_06.csproj", "{8250E631-9634-49CC-A9EC-E3DED5A30E43}"
EndProject
Global
	GlobalSection(SolutionConfigurationPlatforms) = preSolution
		Debug|Any CPU = Debug|Any CPU
		Release|Any CPU = Release|Any CPU
	EndGlobalSection
	GlobalSection(ProjectConfigurationPlatforms) = postSolution
		{BB747541-510A-49F2-8566-3D7C941D8144}.Debug|Any CPU.ActiveCfg = Debug|Any CPU
		{BB747541-510A-49F2-8566-3D7C941D8144}.Debug|Any CPU.Build.0 = Debug|Any CPU
		{BB747541-510A-49F2-8566-3D7C941D8144}.Release|Any CPU.ActiveCfg = Release|Any CPU
		{BB747541-510A-49F2-8566-3D7C941D8144}.Release|Any CPU.Build.0 = Release|Any CPU
		{58A1F15A-5A43-4A30-950B-631E502D554C}.Debug|Any CPU.ActiveCfg = Debug|Any CPU
		{58A1F15A-5A43-4A30-950B-631E502D554C}.Debug|Any CPU.Build.0 = Debug|Any CPU
		{58A1F15A-5A43-4A30-950B-631E502D554C}.Release|Any CPU.ActiveCfg = Release|Any CPU
		{58A1F15A-5A43-4A30-950B-631E502D554C}.Release|Any CPU.Build.0 = Release|Any CPU
		{3A5A97A2-8FCC-4316-9507-758B1859B734}.Debug|Any CPU.ActiveCfg = Debug|Any CPU
		{3A5A97A2-8FCC-4316-9507-758B1859B734}.Debug|Any CPU.Build.0 = Debug|Any CPU
		{3A5A97A2-8FCC-4316-9507-758B1859B734}.Release|Any CPU.ActiveCfg = Release|Any CPU
		{3A5A97A2-8FCC-4316-9507-758B1859B734}.Release|Any CPU.Build.0 = Release|Any CPU
		{8738ACF4-8CA0-4279-AEAE-FBF696CF98AB}.Debug|Any CPU.ActiveCfg = Debug|Any CPU
		{8738ACF4-8CA0-4279-AEAE-FBF696CF98AB}.Debug|Any CPU.Build.0 = Debug|Any CPU
		{8738ACF4-8CA0-4279-AEAE-FBF696CF98AB}.Release|Any CPU.ActiveCfg = Release|Any CPU
		{8738ACF4-8CA0-4279-AEAE-FBF696CF98AB}.Release|Any CPU.Build.0 = Release|Any CPU
		{3603D4B3-021E-4557-813D-A8BDFF0BE51B}.Debug|Any CPU.ActiveCfg = Debug|Any CPU
		{3603D4B3-021E-4557-813D-A8BDFF0BE51B}.Debug|Any CPU.Build.0 = Debug|Any CPU
		{3603D4B3-021E-4557-813D-A8BDFF0BE51B}.Release|Any CPU.ActiveCfg = Release|Any CPU
		{3603D4B3-021E-4557-813D-A8BDFF0BE51B}.Release|Any CPU.Build.0 = Release|Any CPU
		{A27CC930-759B-47CA-A465-738D23AF69F1}.Debug|Any CPU.ActiveCfg = Debug|Any CPU
		{A27CC930-759B-47CA-A465-738D23AF69F1}.Debug|Any CPU.Build.0 = Debug|Any CPU
		{A27CC930-759B-47CA-A465-738D23AF69F1}.Release|Any CPU.ActiveCfg = Release|Any CPU
		{A27CC930-759B-47CA-A465-738D23AF69F1}.Release|Any CPU.Build.0 = Release|Any CPU
		{F0A0AD29-CFCE-436A-9D26-0CB451660EE2}.Debug|Any CPU.ActiveCfg = Debug|Any CPU
		{F0A0AD29-CFCE-436A-9D26-0CB451660EE2}.Debug|Any CPU.Build.0 = Debug|Any CPU
		{F0A0AD29-CFCE-436A-9D26-0CB451660EE2}.Release|Any CPU.ActiveCfg = Release|Any CPU
		{F0A0AD29-CFCE-436A-9D26-0CB451660EE2}.Release|Any CPU.Build.0 = Release|Any CPU
		{DD10ADA5-5E6C-484F-BAC5-5B48D20CDA7A}.Debug|Any CPU.ActiveCfg = Debug|Any CPU
		{DD10ADA5-5E6C-484F-BAC5-5B48D20CDA7A}.Debug|Any CPU.Build.0 = Debug|Any CPU
		{DD10ADA5-5E6C-484F-BAC5-5B48D20CDA7A}.Release|Any CPU.ActiveCfg = Release|Any CPU
		{DD10ADA5-5E6C-484F-BAC5-5B48D20CDA7A}.Release|Any CPU.Build.0 = Release|Any CPU
		{BD2EC468-FCAC-4C35-8805-76A5DD18FCB0}.Debug|Any CPU.ActiveCfg = Debug|Any CPU
		{BD2EC468-FCAC-4C35-8805-76A5DD18FCB0}.Debug|Any CPU.Build.0 = Debug|Any CPU
		{BD2EC468-FCAC-4C35-8805-76A5DD18FCB0}.Release|Any CPU.ActiveCfg = Release|Any CPU
		{BD2EC468-FCAC-4C35-8805-76A5DD18FCB0}.Release|Any CPU.Build.0 = Release|Any CPU
		{B2B0C05D-7886-42E6-BA07-B5DA6F28E74C}.Debug|Any CPU.ActiveCfg = Debug|Any CPU
		{B2B0C05D-7886-42E6-BA07-B5DA6F28E74C}.Debug|Any CPU.Build.0 = Debug|Any CPU
		{B2B0C05D-7886-42E6-BA07-B5DA6F28E74C}.Release|Any CPU.ActiveCfg = Release|Any CPU
		{B2B0C05D-7886-42E6-BA07-B5DA6F28E74C}.Release|Any CPU.Build.0 = Release|Any CPU
		{A460F92C-FBC3-46F1-B039-6B535A21C029}.Debug|Any CPU.ActiveCfg = Debug|Any CPU
		{A460F92C-FBC3-46F1-B039-6B535A21C029}.Debug|Any CPU.Build.0 = Debug|Any CPU
		{A460F92C-FBC3-46F1-B039-6B535A21C029}.Release|Any CPU.ActiveCfg = Release|Any CPU
		{A460F92C-FBC3-46F1-B039-6B535A21C029}.Release|Any CPU.Build.0 = Release|Any CPU
		{8250E631-9634-49CC-A9EC-E3DED5A30E43}.Debug|Any CPU.ActiveCfg = Debug|Any CPU
		{8250E631-9634-49CC-A9EC-E3DED5A30E43}.Debug|Any CPU.Build.0 = Debug|Any CPU
		{8250E631-9634-49CC-A9EC-E3DED5A30E43}.Release|Any CPU.ActiveCfg = Release|Any CPU
		{8250E631-9634-49CC-A9EC-E3DED5A30E43}.Release|Any CPU.Build.0 = Release|Any CPU
	EndGlobalSection
	GlobalSection(SolutionProperties) = preSolution
		HideSolutionNode = FALSE
	EndGlobalSection
	GlobalSection(NestedProjects) = preSolution
		{BB747541-510A-49F2-8566-3D7C941D8144} = {8ACDF072-5407-49F1-A26B-F5E73AE16148}
		{58A1F15A-5A43-4A30-950B-631E502D554C} = {8ACDF072-5407-49F1-A26B-F5E73AE16148}
		{3A5A97A2-8FCC-4316-9507-758B1859B734} = {8ACDF072-5407-49F1-A26B-F5E73AE16148}
		{8738ACF4-8CA0-4279-AEAE-FBF696CF98AB} = {8ACDF072-5407-49F1-A26B-F5E73AE16148}
		{3603D4B3-021E-4557-813D-A8BDFF0BE51B} = {8ACDF072-5407-49F1-A26B-F5E73AE16148}
		{A27CC930-759B-47CA-A465-738D23AF69F1} = {067C5A95-8C8F-4BE0-B032-A308FED6ED90}
		{F0A0AD29-CFCE-436A-9D26-0CB451660EE2} = {067C5A95-8C8F-4BE0-B032-A308FED6ED90}
		{DD10ADA5-5E6C-484F-BAC5-5B48D20CDA7A} = {067C5A95-8C8F-4BE0-B032-A308FED6ED90}
		{BD2EC468-FCAC-4C35-8805-76A5DD18FCB0} = {067C5A95-8C8F-4BE0-B032-A308FED6ED90}
		{B2B0C05D-7886-42E6-BA07-B5DA6F28E74C} = {68D63FA7-CE40-4481-A283-FB098FE8E9BF}
		{A460F92C-FBC3-46F1-B039-6B535A21C029} = {067C5A95-8C8F-4BE0-B032-A308FED6ED90}
		{8250E631-9634-49CC-A9EC-E3DED5A30E43} = {067C5A95-8C8F-4BE0-B032-A308FED6ED90}
	EndGlobalSection
	GlobalSection(ExtensibilityGlobals) = postSolution
		SolutionGuid = {0EAE671B-D40E-48C0-B58D-9382630A0294}
	EndGlobalSection
EndGlobal
