
Microsoft Visual Studio Solution File, Format Version 12.00
# Visual Studio Version 17
VisualStudioVersion = 17.5.002.0
MinimumVisualStudioVersion = 10.0.40219.1
Project("{2150E333-8FDC-42A3-9474-1A3956D46DE8}") = "2024", "2024", "{067C5A95-8C8F-4BE0-B032-A308FED6ED90}"
EndProject
Project("{FAE04EC0-301F-11D3-BF4B-00C04F79EFBC}") = "Puzzle_03", "2024\Puzzle_03\Puzzle_03.csproj", "{DD10ADA5-5E6C-484F-BAC5-5B48D20CDA7A}"
EndProject
Project("{FAE04EC0-301F-11D3-BF4B-00C04F79EFBC}") = "Puzzle_04", "2024\Puzzle_04\Puzzle_04.csproj", "{BD2EC468-FCAC-4C35-8805-76A5DD18FCB0}"
EndProject
Project("{2150E333-8FDC-42A3-9474-1A3956D46DE8}") = "src", "src", "{68D63FA7-CE40-4481-A283-FB098FE8E9BF}"
EndProject
Project("{FAE04EC0-301F-11D3-BF4B-00C04F79EFBC}") = "AdventOfCode", "AdventOfCode\AdventOfCode.csproj", "{B2B0C05D-7886-42E6-BA07-B5DA6F28E74C}"
EndProject
Project("{FAE04EC0-301F-11D3-BF4B-00C04F79EFBC}") = "Puzzle_05", "2024\Puzzle_05\Puzzle_05.csproj", "{A460F92C-FBC3-46F1-B039-6B535A21C029}"
EndProject
Project("{FAE04EC0-301F-11D3-BF4B-00C04F79EFBC}") = "Puzzle_06", "2024\Puzzle_06\Puzzle_06.csproj", "{8250E631-9634-49CC-A9EC-E3DED5A30E43}"
EndProject
Project("{FAE04EC0-301F-11D3-BF4B-00C04F79EFBC}") = "Puzzle_07", "2024\Puzzle_07\Puzzle_07.csproj", "{7778AFB9-D693-4E3F-9CF0-70A0E93FFE6E}"
EndProject
Project("{FAE04EC0-301F-11D3-BF4B-00C04F79EFBC}") = "Puzzle_08", "2024\Puzzle_08\Puzzle_08.csproj", "{89C317C4-E894-43D2-8BDF-A6248D84E280}"
EndProject
Project("{FAE04EC0-301F-11D3-BF4B-00C04F79EFBC}") = "Puzzle_09", "2024\Puzzle_09\Puzzle_09.csproj", "{FF01B0BF-E1FA-484A-95B6-A7535B6B7326}"
EndProject
Project("{FAE04EC0-301F-11D3-BF4B-00C04F79EFBC}") = "Puzzle_10", "2024\Puzzle_10\Puzzle_10.csproj", "{4C6AC289-D5B9-4267-9139-7700267B2856}"
EndProject
Project("{FAE04EC0-301F-11D3-BF4B-00C04F79EFBC}") = "Puzzle_11", "2024\Puzzle_11\Puzzle_11.csproj", "{E5CD8BFA-C6F6-4C2B-A0BB-B575E7CCA79C}"
EndProject
Project("{FAE04EC0-301F-11D3-BF4B-00C04F79EFBC}") = "Puzzle_12", "2024\Puzzle_12\Puzzle_12.csproj", "{6FB818FA-E185-46F3-AB33-E60079DFD7D9}"
EndProject
Project("{FAE04EC0-301F-11D3-BF4B-00C04F79EFBC}") = "Puzzle_13", "2024\Puzzle_13\Puzzle_13.csproj", "{E0F50044-5071-4B84-A6B0-F0074C3F2D23}"
EndProject
Project("{FAE04EC0-301F-11D3-BF4B-00C04F79EFBC}") = "AdventOfCode.Common", "AdventOfCode.Common\AdventOfCode.Common.csproj", "{100F39E3-E52C-42F2-BEFE-A15DACAC69CE}"
EndProject
Global
	GlobalSection(SolutionConfigurationPlatforms) = preSolution
		Debug|Any CPU = Debug|Any CPU
		Release|Any CPU = Release|Any CPU
	EndGlobalSection
	GlobalSection(ProjectConfigurationPlatforms) = postSolution
		{DD10ADA5-5E6C-484F-BAC5-5B48D20CDA7A}.Debug|Any CPU.ActiveCfg = Debug|Any CPU
		{DD10ADA5-5E6C-484F-BAC5-5B48D20CDA7A}.Debug|Any CPU.Build.0 = Debug|Any CPU
		{DD10ADA5-5E6C-484F-BAC5-5B48D20CDA7A}.Release|Any CPU.ActiveCfg = Release|Any CPU
		{DD10ADA5-5E6C-484F-BAC5-5B48D20CDA7A}.Release|Any CPU.Build.0 = Release|Any CPU
		{BD2EC468-FCAC-4C35-8805-76A5DD18FCB0}.Debug|Any CPU.ActiveCfg = Debug|Any CPU
		{BD2EC468-FCAC-4C35-8805-76A5DD18FCB0}.Debug|Any CPU.Build.0 = Debug|Any CPU
		{BD2EC468-FCAC-4C35-8805-76A5DD18FCB0}.Release|Any CPU.ActiveCfg = Release|Any CPU
		{BD2EC468-FCAC-4C35-8805-76A5DD18FCB0}.Release|Any CPU.Build.0 = Release|Any CPU
		{B2B0C05D-7886-42E6-BA07-B5DA6F28E74C}.Debug|Any CPU.ActiveCfg = Debug|Any CPU
		{B2B0C05D-7886-42E6-BA07-B5DA6F28E74C}.Debug|Any CPU.Build.0 = Debug|Any CPU
		{B2B0C05D-7886-42E6-BA07-B5DA6F28E74C}.Release|Any CPU.ActiveCfg = Release|Any CPU
		{B2B0C05D-7886-42E6-BA07-B5DA6F28E74C}.Release|Any CPU.Build.0 = Release|Any CPU
		{A460F92C-FBC3-46F1-B039-6B535A21C029}.Debug|Any CPU.ActiveCfg = Debug|Any CPU
		{A460F92C-FBC3-46F1-B039-6B535A21C029}.Debug|Any CPU.Build.0 = Debug|Any CPU
		{A460F92C-FBC3-46F1-B039-6B535A21C029}.Release|Any CPU.ActiveCfg = Release|Any CPU
		{A460F92C-FBC3-46F1-B039-6B535A21C029}.Release|Any CPU.Build.0 = Release|Any CPU
		{8250E631-9634-49CC-A9EC-E3DED5A30E43}.Debug|Any CPU.ActiveCfg = Debug|Any CPU
		{8250E631-9634-49CC-A9EC-E3DED5A30E43}.Debug|Any CPU.Build.0 = Debug|Any CPU
		{8250E631-9634-49CC-A9EC-E3DED5A30E43}.Release|Any CPU.ActiveCfg = Release|Any CPU
		{8250E631-9634-49CC-A9EC-E3DED5A30E43}.Release|Any CPU.Build.0 = Release|Any CPU
		{7778AFB9-D693-4E3F-9CF0-70A0E93FFE6E}.Debug|Any CPU.ActiveCfg = Debug|Any CPU
		{7778AFB9-D693-4E3F-9CF0-70A0E93FFE6E}.Debug|Any CPU.Build.0 = Debug|Any CPU
		{7778AFB9-D693-4E3F-9CF0-70A0E93FFE6E}.Release|Any CPU.ActiveCfg = Release|Any CPU
		{7778AFB9-D693-4E3F-9CF0-70A0E93FFE6E}.Release|Any CPU.Build.0 = Release|Any CPU
		{89C317C4-E894-43D2-8BDF-A6248D84E280}.Debug|Any CPU.ActiveCfg = Debug|Any CPU
		{89C317C4-E894-43D2-8BDF-A6248D84E280}.Debug|Any CPU.Build.0 = Debug|Any CPU
		{89C317C4-E894-43D2-8BDF-A6248D84E280}.Release|Any CPU.ActiveCfg = Release|Any CPU
		{89C317C4-E894-43D2-8BDF-A6248D84E280}.Release|Any CPU.Build.0 = Release|Any CPU
		{FF01B0BF-E1FA-484A-95B6-A7535B6B7326}.Debug|Any CPU.ActiveCfg = Debug|Any CPU
		{FF01B0BF-E1FA-484A-95B6-A7535B6B7326}.Debug|Any CPU.Build.0 = Debug|Any CPU
		{FF01B0BF-E1FA-484A-95B6-A7535B6B7326}.Release|Any CPU.ActiveCfg = Release|Any CPU
		{FF01B0BF-E1FA-484A-95B6-A7535B6B7326}.Release|Any CPU.Build.0 = Release|Any CPU
		{4C6AC289-D5B9-4267-9139-7700267B2856}.Debug|Any CPU.ActiveCfg = Debug|Any CPU
		{4C6AC289-D5B9-4267-9139-7700267B2856}.Debug|Any CPU.Build.0 = Debug|Any CPU
		{4C6AC289-D5B9-4267-9139-7700267B2856}.Release|Any CPU.ActiveCfg = Release|Any CPU
		{4C6AC289-D5B9-4267-9139-7700267B2856}.Release|Any CPU.Build.0 = Release|Any CPU
		{E5CD8BFA-C6F6-4C2B-A0BB-B575E7CCA79C}.Debug|Any CPU.ActiveCfg = Debug|Any CPU
		{E5CD8BFA-C6F6-4C2B-A0BB-B575E7CCA79C}.Debug|Any CPU.Build.0 = Debug|Any CPU
		{E5CD8BFA-C6F6-4C2B-A0BB-B575E7CCA79C}.Release|Any CPU.ActiveCfg = Release|Any CPU
		{E5CD8BFA-C6F6-4C2B-A0BB-B575E7CCA79C}.Release|Any CPU.Build.0 = Release|Any CPU
		{6FB818FA-E185-46F3-AB33-E60079DFD7D9}.Debug|Any CPU.ActiveCfg = Debug|Any CPU
		{6FB818FA-E185-46F3-AB33-E60079DFD7D9}.Debug|Any CPU.Build.0 = Debug|Any CPU
		{6FB818FA-E185-46F3-AB33-E60079DFD7D9}.Release|Any CPU.ActiveCfg = Release|Any CPU
		{6FB818FA-E185-46F3-AB33-E60079DFD7D9}.Release|Any CPU.Build.0 = Release|Any CPU
		{E0F50044-5071-4B84-A6B0-F0074C3F2D23}.Debug|Any CPU.ActiveCfg = Debug|Any CPU
		{E0F50044-5071-4B84-A6B0-F0074C3F2D23}.Debug|Any CPU.Build.0 = Debug|Any CPU
		{E0F50044-5071-4B84-A6B0-F0074C3F2D23}.Release|Any CPU.ActiveCfg = Release|Any CPU
		{E0F50044-5071-4B84-A6B0-F0074C3F2D23}.Release|Any CPU.Build.0 = Release|Any CPU
		{100F39E3-E52C-42F2-BEFE-A15DACAC69CE}.Debug|Any CPU.ActiveCfg = Debug|Any CPU
		{100F39E3-E52C-42F2-BEFE-A15DACAC69CE}.Debug|Any CPU.Build.0 = Debug|Any CPU
		{100F39E3-E52C-42F2-BEFE-A15DACAC69CE}.Release|Any CPU.ActiveCfg = Release|Any CPU
		{100F39E3-E52C-42F2-BEFE-A15DACAC69CE}.Release|Any CPU.Build.0 = Release|Any CPU
	EndGlobalSection
	GlobalSection(SolutionProperties) = preSolution
		HideSolutionNode = FALSE
	EndGlobalSection
	GlobalSection(NestedProjects) = preSolution
		{DD10ADA5-5E6C-484F-BAC5-5B48D20CDA7A} = {067C5A95-8C8F-4BE0-B032-A308FED6ED90}
		{BD2EC468-FCAC-4C35-8805-76A5DD18FCB0} = {067C5A95-8C8F-4BE0-B032-A308FED6ED90}
		{B2B0C05D-7886-42E6-BA07-B5DA6F28E74C} = {68D63FA7-CE40-4481-A283-FB098FE8E9BF}
		{A460F92C-FBC3-46F1-B039-6B535A21C029} = {067C5A95-8C8F-4BE0-B032-A308FED6ED90}
		{8250E631-9634-49CC-A9EC-E3DED5A30E43} = {067C5A95-8C8F-4BE0-B032-A308FED6ED90}
		{7778AFB9-D693-4E3F-9CF0-70A0E93FFE6E} = {067C5A95-8C8F-4BE0-B032-A308FED6ED90}
		{89C317C4-E894-43D2-8BDF-A6248D84E280} = {067C5A95-8C8F-4BE0-B032-A308FED6ED90}
		{FF01B0BF-E1FA-484A-95B6-A7535B6B7326} = {067C5A95-8C8F-4BE0-B032-A308FED6ED90}
		{4C6AC289-D5B9-4267-9139-7700267B2856} = {067C5A95-8C8F-4BE0-B032-A308FED6ED90}
		{E5CD8BFA-C6F6-4C2B-A0BB-B575E7CCA79C} = {067C5A95-8C8F-4BE0-B032-A308FED6ED90}
		{6FB818FA-E185-46F3-AB33-E60079DFD7D9} = {067C5A95-8C8F-4BE0-B032-A308FED6ED90}
		{E0F50044-5071-4B84-A6B0-F0074C3F2D23} = {067C5A95-8C8F-4BE0-B032-A308FED6ED90}
	EndGlobalSection
	GlobalSection(ExtensibilityGlobals) = postSolution
		SolutionGuid = {0EAE671B-D40E-48C0-B58D-9382630A0294}
	EndGlobalSection
EndGlobal
